
Microsoft Visual Studio Solution File, Format Version 12.00
# Visual Studio Version 17
VisualStudioVersion = 17.8.34511.84
MinimumVisualStudioVersion = 10.0.40219.1
Project("{9A19103F-16F7-4668-BE54-9A1E7A4F7556}") = "OwnIt", "OwnIt.csproj", "{F92709F6-EF04-4360-934A-5BE41218AD23}"
EndProject
Global
	GlobalSection(SolutionConfigurationPlatforms) = preSolution
		Debug|Any CPU = Debug|Any CPU
		Release|Any CPU = Release|Any CPU
	EndGlobalSection
	GlobalSection(ProjectConfigurationPlatforms) = postSolution
		{F92709F6-EF04-4360-934A-5BE41218AD23}.Debug|Any CPU.ActiveCfg = Debug|Any CPU
		{F92709F6-EF04-4360-934A-5BE41218AD23}.Debug|Any CPU.Build.0 = Debug|Any CPU
		{F92709F6-EF04-4360-934A-5BE41218AD23}.Release|Any CPU.ActiveCfg = Release|Any CPU
		{F92709F6-EF04-4360-934A-5BE41218AD23}.Release|Any CPU.Build.0 = Release|Any CPU
	EndGlobalSection
	GlobalSection(SolutionProperties) = preSolution
		HideSolutionNode = FALSE
	EndGlobalSection
	GlobalSection(ExtensibilityGlobals) = postSolution
		SolutionGuid = {E8FA7084-E48D-43DD-839F-94DBF1729483}
	EndGlobalSection
EndGlobal
